// !$*UTF8*$!
{
	archiveVersion = 1;
	classes = {
	};
	objectVersion = 56;
	objects = {

/* Begin PBXBuildFile section */
		C30D13BE2A641B4200D0E84F /* ContentView.swift in Sources */ = {isa = PBXBuildFile; fileRef = C30D13BD2A641B4100D0E84F /* ContentView.swift */; };
		C30D13C02A641C2200D0E84F /* RootViewController.swift in Sources */ = {isa = PBXBuildFile; fileRef = C30D13BF2A641C2200D0E84F /* RootViewController.swift */; };
		C3B84B0B2A5721A100A3FA95 /* SWebImage.swift in Sources */ = {isa = PBXBuildFile; fileRef = C3B84B0A2A5721A100A3FA95 /* SWebImage.swift */; };
		C3EA55892A49A5EA00D0C560 /* datafile.swift in Sources */ = {isa = PBXBuildFile; fileRef = C3EA55882A49A5EA00D0C560 /* datafile.swift */; };
		C3EF437C2A45736300B5C927 /* AppDelegate.swift in Sources */ = {isa = PBXBuildFile; fileRef = C3EF437B2A45736300B5C927 /* AppDelegate.swift */; };
		C3EF437E2A45736300B5C927 /* SceneDelegate.swift in Sources */ = {isa = PBXBuildFile; fileRef = C3EF437D2A45736300B5C927 /* SceneDelegate.swift */; };
		C3EF43802A45736300B5C927 /* TableViewController.swift in Sources */ = {isa = PBXBuildFile; fileRef = C3EF437F2A45736300B5C927 /* TableViewController.swift */; };
		C3EF43832A45736300B5C927 /* Main.storyboard in Resources */ = {isa = PBXBuildFile; fileRef = C3EF43812A45736300B5C927 /* Main.storyboard */; };
		C3EF43852A45736400B5C927 /* Assets.xcassets in Resources */ = {isa = PBXBuildFile; fileRef = C3EF43842A45736400B5C927 /* Assets.xcassets */; };
		C3EF43882A45736400B5C927 /* LaunchScreen.storyboard in Resources */ = {isa = PBXBuildFile; fileRef = C3EF43862A45736400B5C927 /* LaunchScreen.storyboard */; };
		C3EF43912A45752D00B5C927 /* TableViewModel.swift in Sources */ = {isa = PBXBuildFile; fileRef = C3EF43902A45752D00B5C927 /* TableViewModel.swift */; };
		C3EF43932A4577D300B5C927 /* TableViewCell.swift in Sources */ = {isa = PBXBuildFile; fileRef = C3EF43922A4577D300B5C927 /* TableViewCell.swift */; };
/* End PBXBuildFile section */

/* Begin PBXFileReference section */
		C30D13BD2A641B4100D0E84F /* ContentView.swift */ = {isa = PBXFileReference; fileEncoding = 4; lastKnownFileType = sourcecode.swift; path = ContentView.swift; sourceTree = "<group>"; };
		C30D13BF2A641C2200D0E84F /* RootViewController.swift */ = {isa = PBXFileReference; lastKnownFileType = sourcecode.swift; path = RootViewController.swift; sourceTree = "<group>"; };
		C3B84B0A2A5721A100A3FA95 /* SWebImage.swift */ = {isa = PBXFileReference; lastKnownFileType = sourcecode.swift; path = SWebImage.swift; sourceTree = "<group>"; };
		C3EA55882A49A5EA00D0C560 /* datafile.swift */ = {isa = PBXFileReference; lastKnownFileType = sourcecode.swift; path = datafile.swift; sourceTree = "<group>"; };
		C3EF43782A45736300B5C927 /* ImageCacheTester.app */ = {isa = PBXFileReference; explicitFileType = wrapper.application; includeInIndex = 0; path = ImageCacheTester.app; sourceTree = BUILT_PRODUCTS_DIR; };
		C3EF437B2A45736300B5C927 /* AppDelegate.swift */ = {isa = PBXFileReference; lastKnownFileType = sourcecode.swift; path = AppDelegate.swift; sourceTree = "<group>"; };
		C3EF437D2A45736300B5C927 /* SceneDelegate.swift */ = {isa = PBXFileReference; lastKnownFileType = sourcecode.swift; path = SceneDelegate.swift; sourceTree = "<group>"; };
		C3EF437F2A45736300B5C927 /* TableViewController.swift */ = {isa = PBXFileReference; lastKnownFileType = sourcecode.swift; path = TableViewController.swift; sourceTree = "<group>"; };
		C3EF43822A45736300B5C927 /* Base */ = {isa = PBXFileReference; lastKnownFileType = file.storyboard; name = Base; path = Base.lproj/Main.storyboard; sourceTree = "<group>"; };
		C3EF43842A45736400B5C927 /* Assets.xcassets */ = {isa = PBXFileReference; lastKnownFileType = folder.assetcatalog; path = Assets.xcassets; sourceTree = "<group>"; };
		C3EF43872A45736400B5C927 /* Base */ = {isa = PBXFileReference; lastKnownFileType = file.storyboard; name = Base; path = Base.lproj/LaunchScreen.storyboard; sourceTree = "<group>"; };
		C3EF43892A45736400B5C927 /* Info.plist */ = {isa = PBXFileReference; lastKnownFileType = text.plist.xml; path = Info.plist; sourceTree = "<group>"; };
		C3EF43902A45752D00B5C927 /* TableViewModel.swift */ = {isa = PBXFileReference; lastKnownFileType = sourcecode.swift; path = TableViewModel.swift; sourceTree = "<group>"; };
		C3EF43922A4577D300B5C927 /* TableViewCell.swift */ = {isa = PBXFileReference; lastKnownFileType = sourcecode.swift; path = TableViewCell.swift; sourceTree = "<group>"; };
/* End PBXFileReference section */

/* Begin PBXFrameworksBuildPhase section */
		C3EF43752A45736300B5C927 /* Frameworks */ = {
			isa = PBXFrameworksBuildPhase;
			buildActionMask = 2147483647;
			files = (
			);
			runOnlyForDeploymentPostprocessing = 0;
		};
/* End PBXFrameworksBuildPhase section */

/* Begin PBXGroup section */
		C30D13BC2A641B3500D0E84F /* SwiftUIViews */ = {
			isa = PBXGroup;
			children = (
				C30D13BD2A641B4100D0E84F /* ContentView.swift */,
			);
			path = SwiftUIViews;
			sourceTree = "<group>";
		};
		C30D13C12A641F4200D0E84F /* ViewControllers */ = {
			isa = PBXGroup;
			children = (
				C30D13BF2A641C2200D0E84F /* RootViewController.swift */,
				C3EF437F2A45736300B5C927 /* TableViewController.swift */,
			);
			path = ViewControllers;
			sourceTree = "<group>";
		};
		C30D13C22A641F6200D0E84F /* UIViews */ = {
			isa = PBXGroup;
			children = (
				C3EF43922A4577D300B5C927 /* TableViewCell.swift */,
			);
			path = UIViews;
			sourceTree = "<group>";
		};
		C3BEDC7A2A461F390097F022 /* WebImageLoader */ = {
			isa = PBXGroup;
			children = (
				C3B84B0A2A5721A100A3FA95 /* SWebImage.swift */,
			);
			path = WebImageLoader;
			sourceTree = "<group>";
		};
		C3EF436F2A45736300B5C927 = {
			isa = PBXGroup;
			children = (
				C3EA55882A49A5EA00D0C560 /* datafile.swift */,
				C3BEDC7A2A461F390097F022 /* WebImageLoader */,
				C30D13BC2A641B3500D0E84F /* SwiftUIViews */,
				C3EF437A2A45736300B5C927 /* ImageCacheTester */,
				C3EF43792A45736300B5C927 /* Products */,
			);
			sourceTree = "<group>";
		};
		C3EF43792A45736300B5C927 /* Products */ = {
			isa = PBXGroup;
			children = (
				C3EF43782A45736300B5C927 /* ImageCacheTester.app */,
			);
			name = Products;
			sourceTree = "<group>";
		};
		C3EF437A2A45736300B5C927 /* ImageCacheTester */ = {
			isa = PBXGroup;
			children = (
				C30D13C22A641F6200D0E84F /* UIViews */,
				C30D13C12A641F4200D0E84F /* ViewControllers */,
				C3EF438F2A4574E100B5C927 /* ViewModel */,
				C3EF437B2A45736300B5C927 /* AppDelegate.swift */,
				C3EF437D2A45736300B5C927 /* SceneDelegate.swift */,
				C3EF43812A45736300B5C927 /* Main.storyboard */,
				C3EF43842A45736400B5C927 /* Assets.xcassets */,
				C3EF43862A45736400B5C927 /* LaunchScreen.storyboard */,
				C3EF43892A45736400B5C927 /* Info.plist */,
			);
			path = ImageCacheTester;
			sourceTree = "<group>";
		};
		C3EF438F2A4574E100B5C927 /* ViewModel */ = {
			isa = PBXGroup;
			children = (
				C3EF43902A45752D00B5C927 /* TableViewModel.swift */,
			);
			path = ViewModel;
			sourceTree = "<group>";
		};
/* End PBXGroup section */

/* Begin PBXNativeTarget section */
		C3EF43772A45736300B5C927 /* ImageCacheTester */ = {
			isa = PBXNativeTarget;
			buildConfigurationList = C3EF438C2A45736400B5C927 /* Build configuration list for PBXNativeTarget "ImageCacheTester" */;
			buildPhases = (
				C3EF43742A45736300B5C927 /* Sources */,
				C3EF43752A45736300B5C927 /* Frameworks */,
				C3EF43762A45736300B5C927 /* Resources */,
			);
			buildRules = (
			);
			dependencies = (
			);
			name = ImageCacheTester;
			productName = ImageCacheTester;
			productReference = C3EF43782A45736300B5C927 /* ImageCacheTester.app */;
			productType = "com.apple.product-type.application";
		};
/* End PBXNativeTarget section */

/* Begin PBXProject section */
		C3EF43702A45736300B5C927 /* Project object */ = {
			isa = PBXProject;
			attributes = {
				BuildIndependentTargetsInParallel = 1;
				LastSwiftUpdateCheck = 1420;
				LastUpgradeCheck = 1420;
				TargetAttributes = {
					C3EF43772A45736300B5C927 = {
						CreatedOnToolsVersion = 14.2;
					};
				};
			};
			buildConfigurationList = C3EF43732A45736300B5C927 /* Build configuration list for PBXProject "ImageCacheTester" */;
			compatibilityVersion = "Xcode 14.0";
			developmentRegion = en;
			hasScannedForEncodings = 0;
			knownRegions = (
				en,
				Base,
			);
			mainGroup = C3EF436F2A45736300B5C927;
			productRefGroup = C3EF43792A45736300B5C927 /* Products */;
			projectDirPath = "";
			projectRoot = "";
			targets = (
				C3EF43772A45736300B5C927 /* ImageCacheTester */,
			);
		};
/* End PBXProject section */

/* Begin PBXResourcesBuildPhase section */
		C3EF43762A45736300B5C927 /* Resources */ = {
			isa = PBXResourcesBuildPhase;
			buildActionMask = 2147483647;
			files = (
				C3EF43882A45736400B5C927 /* LaunchScreen.storyboard in Resources */,
				C3EF43852A45736400B5C927 /* Assets.xcassets in Resources */,
				C3EF43832A45736300B5C927 /* Main.storyboard in Resources */,
			);
			runOnlyForDeploymentPostprocessing = 0;
		};
/* End PBXResourcesBuildPhase section */

/* Begin PBXSourcesBuildPhase section */
		C3EF43742A45736300B5C927 /* Sources */ = {
			isa = PBXSourcesBuildPhase;
			buildActionMask = 2147483647;
			files = (
				C30D13C02A641C2200D0E84F /* RootViewController.swift in Sources */,
				C3EF43932A4577D300B5C927 /* TableViewCell.swift in Sources */,
				C3EA55892A49A5EA00D0C560 /* datafile.swift in Sources */,
				C3EF43802A45736300B5C927 /* TableViewController.swift in Sources */,
				C3EF437C2A45736300B5C927 /* AppDelegate.swift in Sources */,
				C30D13BE2A641B4200D0E84F /* ContentView.swift in Sources */,
				C3EF437E2A45736300B5C927 /* SceneDelegate.swift in Sources */,
				C3B84B0B2A5721A100A3FA95 /* SWebImage.swift in Sources */,
				C3EF43912A45752D00B5C927 /* TableViewModel.swift in Sources */,
			);
			runOnlyForDeploymentPostprocessing = 0;
		};
/* End PBXSourcesBuildPhase section */

/* Begin PBXVariantGroup section */
		C3EF43812A45736300B5C927 /* Main.storyboard */ = {
			isa = PBXVariantGroup;
			children = (
				C3EF43822A45736300B5C927 /* Base */,
			);
			name = Main.storyboard;
			sourceTree = "<group>";
		};
		C3EF43862A45736400B5C927 /* LaunchScreen.storyboard */ = {
			isa = PBXVariantGroup;
			children = (
				C3EF43872A45736400B5C927 /* Base */,
			);
			name = LaunchScreen.storyboard;
			sourceTree = "<group>";
		};
/* End PBXVariantGroup section */

/* Begin XCBuildConfiguration section */
		C3EF438A2A45736400B5C927 /* Debug */ = {
			isa = XCBuildConfiguration;
			buildSettings = {
				ALWAYS_SEARCH_USER_PATHS = NO;
				CLANG_ANALYZER_NONNULL = YES;
				CLANG_ANALYZER_NUMBER_OBJECT_CONVERSION = YES_AGGRESSIVE;
				CLANG_CXX_LANGUAGE_STANDARD = "gnu++20";
				CLANG_ENABLE_MODULES = YES;
				CLANG_ENABLE_OBJC_ARC = YES;
				CLANG_ENABLE_OBJC_WEAK = YES;
				CLANG_WARN_BLOCK_CAPTURE_AUTORELEASING = YES;
				CLANG_WARN_BOOL_CONVERSION = YES;
				CLANG_WARN_COMMA = YES;
				CLANG_WARN_CONSTANT_CONVERSION = YES;
				CLANG_WARN_DEPRECATED_OBJC_IMPLEMENTATIONS = YES;
				CLANG_WARN_DIRECT_OBJC_ISA_USAGE = YES_ERROR;
				CLANG_WARN_DOCUMENTATION_COMMENTS = YES;
				CLANG_WARN_EMPTY_BODY = YES;
				CLANG_WARN_ENUM_CONVERSION = YES;
				CLANG_WARN_INFINITE_RECURSION = YES;
				CLANG_WARN_INT_CONVERSION = YES;
				CLANG_WARN_NON_LITERAL_NULL_CONVERSION = YES;
				CLANG_WARN_OBJC_IMPLICIT_RETAIN_SELF = YES;
				CLANG_WARN_OBJC_LITERAL_CONVERSION = YES;
				CLANG_WARN_OBJC_ROOT_CLASS = YES_ERROR;
				CLANG_WARN_QUOTED_INCLUDE_IN_FRAMEWORK_HEADER = YES;
				CLANG_WARN_RANGE_LOOP_ANALYSIS = YES;
				CLANG_WARN_STRICT_PROTOTYPES = YES;
				CLANG_WARN_SUSPICIOUS_MOVE = YES;
				CLANG_WARN_UNGUARDED_AVAILABILITY = YES_AGGRESSIVE;
				CLANG_WARN_UNREACHABLE_CODE = YES;
				CLANG_WARN__DUPLICATE_METHOD_MATCH = YES;
				COPY_PHASE_STRIP = NO;
				DEBUG_INFORMATION_FORMAT = dwarf;
				ENABLE_STRICT_OBJC_MSGSEND = YES;
				ENABLE_TESTABILITY = YES;
				GCC_C_LANGUAGE_STANDARD = gnu11;
				GCC_DYNAMIC_NO_PIC = NO;
				GCC_NO_COMMON_BLOCKS = YES;
				GCC_OPTIMIZATION_LEVEL = 0;
				GCC_PREPROCESSOR_DEFINITIONS = (
					"DEBUG=1",
					"$(inherited)",
				);
				GCC_WARN_64_TO_32_BIT_CONVERSION = YES;
				GCC_WARN_ABOUT_RETURN_TYPE = YES_ERROR;
				GCC_WARN_UNDECLARED_SELECTOR = YES;
				GCC_WARN_UNINITIALIZED_AUTOS = YES_AGGRESSIVE;
				GCC_WARN_UNUSED_FUNCTION = YES;
				GCC_WARN_UNUSED_VARIABLE = YES;
				IPHONEOS_DEPLOYMENT_TARGET = 16.2;
				MTL_ENABLE_DEBUG_INFO = INCLUDE_SOURCE;
				MTL_FAST_MATH = YES;
				ONLY_ACTIVE_ARCH = YES;
				SDKROOT = iphoneos;
				SWIFT_ACTIVE_COMPILATION_CONDITIONS = DEBUG;
				SWIFT_OPTIMIZATION_LEVEL = "-Onone";
			};
			name = Debug;
		};
		C3EF438B2A45736400B5C927 /* Release */ = {
			isa = XCBuildConfiguration;
			buildSettings = {
				ALWAYS_SEARCH_USER_PATHS = NO;
				CLANG_ANALYZER_NONNULL = YES;
				CLANG_ANALYZER_NUMBER_OBJECT_CONVERSION = YES_AGGRESSIVE;
				CLANG_CXX_LANGUAGE_STANDARD = "gnu++20";
				CLANG_ENABLE_MODULES = YES;
				CLANG_ENABLE_OBJC_ARC = YES;
				CLANG_ENABLE_OBJC_WEAK = YES;
				CLANG_WARN_BLOCK_CAPTURE_AUTORELEASING = YES;
				CLANG_WARN_BOOL_CONVERSION = YES;
				CLANG_WARN_COMMA = YES;
				CLANG_WARN_CONSTANT_CONVERSION = YES;
				CLANG_WARN_DEPRECATED_OBJC_IMPLEMENTATIONS = YES;
				CLANG_WARN_DIRECT_OBJC_ISA_USAGE = YES_ERROR;
				CLANG_WARN_DOCUMENTATION_COMMENTS = YES;
				CLANG_WARN_EMPTY_BODY = YES;
				CLANG_WARN_ENUM_CONVERSION = YES;
				CLANG_WARN_INFINITE_RECURSION = YES;
				CLANG_WARN_INT_CONVERSION = YES;
				CLANG_WARN_NON_LITERAL_NULL_CONVERSION = YES;
				CLANG_WARN_OBJC_IMPLICIT_RETAIN_SELF = YES;
				CLANG_WARN_OBJC_LITERAL_CONVERSION = YES;
				CLANG_WARN_OBJC_ROOT_CLASS = YES_ERROR;
				CLANG_WARN_QUOTED_INCLUDE_IN_FRAMEWORK_HEADER = YES;
				CLANG_WARN_RANGE_LOOP_ANALYSIS = YES;
				CLANG_WARN_STRICT_PROTOTYPES = YES;
				CLANG_WARN_SUSPICIOUS_MOVE = YES;
				CLANG_WARN_UNGUARDED_AVAILABILITY = YES_AGGRESSIVE;
				CLANG_WARN_UNREACHABLE_CODE = YES;
				CLANG_WARN__DUPLICATE_METHOD_MATCH = YES;
				COPY_PHASE_STRIP = NO;
				DEBUG_INFORMATION_FORMAT = "dwarf-with-dsym";
				ENABLE_NS_ASSERTIONS = NO;
				ENABLE_STRICT_OBJC_MSGSEND = YES;
				GCC_C_LANGUAGE_STANDARD = gnu11;
				GCC_NO_COMMON_BLOCKS = YES;
				GCC_WARN_64_TO_32_BIT_CONVERSION = YES;
				GCC_WARN_ABOUT_RETURN_TYPE = YES_ERROR;
				GCC_WARN_UNDECLARED_SELECTOR = YES;
				GCC_WARN_UNINITIALIZED_AUTOS = YES_AGGRESSIVE;
				GCC_WARN_UNUSED_FUNCTION = YES;
				GCC_WARN_UNUSED_VARIABLE = YES;
				IPHONEOS_DEPLOYMENT_TARGET = 16.2;
				MTL_ENABLE_DEBUG_INFO = NO;
				MTL_FAST_MATH = YES;
				SDKROOT = iphoneos;
				SWIFT_COMPILATION_MODE = wholemodule;
				SWIFT_OPTIMIZATION_LEVEL = "-O";
				VALIDATE_PRODUCT = YES;
			};
			name = Release;
		};
		C3EF438D2A45736400B5C927 /* Debug */ = {
			isa = XCBuildConfiguration;
			buildSettings = {
				ASSETCATALOG_COMPILER_APPICON_NAME = AppIcon;
				ASSETCATALOG_COMPILER_GLOBAL_ACCENT_COLOR_NAME = AccentColor;
				"CODE_SIGN_IDENTITY[sdk=iphoneos*]" = "iPhone Developer";
				CODE_SIGN_STYLE = Manual;
				CURRENT_PROJECT_VERSION = 1;
				DEVELOPMENT_TEAM = "";
				"DEVELOPMENT_TEAM[sdk=iphoneos*]" = CSFR3V4986;
				GENERATE_INFOPLIST_FILE = YES;
				INFOPLIST_FILE = ImageCacheTester/Info.plist;
				INFOPLIST_KEY_UIApplicationSupportsIndirectInputEvents = YES;
				INFOPLIST_KEY_UILaunchStoryboardName = LaunchScreen;
				INFOPLIST_KEY_UIMainStoryboardFile = Main;
				INFOPLIST_KEY_UISupportedInterfaceOrientations = UIInterfaceOrientationPortrait;
				IPHONEOS_DEPLOYMENT_TARGET = 16.0;
				LD_RUNPATH_SEARCH_PATHS = (
					"$(inherited)",
					"@executable_path/Frameworks",
				);
				MARKETING_VERSION = 1.0;
				PRODUCT_BUNDLE_IDENTIFIER = com.test..ImageCacheTester;
				PRODUCT_NAME = "$(TARGET_NAME)";
				PROVISIONING_PROFILE_SPECIFIER = "";
				"PROVISIONING_PROFILE_SPECIFIER[sdk=iphoneos*]" = "wildcard provisioning profile";
				SWIFT_EMIT_LOC_STRINGS = YES;
				SWIFT_VERSION = 5.0;
				TARGETED_DEVICE_FAMILY = "1,2";
			};
			name = Debug;
		};
		C3EF438E2A45736400B5C927 /* Release */ = {
			isa = XCBuildConfiguration;
			buildSettings = {
				ASSETCATALOG_COMPILER_APPICON_NAME = AppIcon;
				ASSETCATALOG_COMPILER_GLOBAL_ACCENT_COLOR_NAME = AccentColor;
				"CODE_SIGN_IDENTITY[sdk=iphoneos*]" = "iPhone Developer";
				CODE_SIGN_STYLE = Manual;
				CURRENT_PROJECT_VERSION = 1;
				DEVELOPMENT_TEAM = "";
				"DEVELOPMENT_TEAM[sdk=iphoneos*]" = CSFR3V4986;
				GENERATE_INFOPLIST_FILE = YES;
				INFOPLIST_FILE = ImageCacheTester/Info.plist;
				INFOPLIST_KEY_UIApplicationSupportsIndirectInputEvents = YES;
				INFOPLIST_KEY_UILaunchStoryboardName = LaunchScreen;
				INFOPLIST_KEY_UIMainStoryboardFile = Main;
				INFOPLIST_KEY_UISupportedInterfaceOrientations = UIInterfaceOrientationPortrait;
				IPHONEOS_DEPLOYMENT_TARGET = 16.0;
				LD_RUNPATH_SEARCH_PATHS = (
					"$(inherited)",
					"@executable_path/Frameworks",
				);
				MARKETING_VERSION = 1.0;
				PRODUCT_BUNDLE_IDENTIFIER = com.test..ImageCacheTester;
				PRODUCT_NAME = "$(TARGET_NAME)";
				PROVISIONING_PROFILE_SPECIFIER = "";
				"PROVISIONING_PROFILE_SPECIFIER[sdk=iphoneos*]" = "wildcard provisioning profile";
				SWIFT_EMIT_LOC_STRINGS = YES;
				SWIFT_VERSION = 5.0;
				TARGETED_DEVICE_FAMILY = "1,2";
			};
			name = Release;
		};
/* End XCBuildConfiguration section */

/* Begin XCConfigurationList section */
		C3EF43732A45736300B5C927 /* Build configuration list for PBXProject "ImageCacheTester" */ = {
			isa = XCConfigurationList;
			buildConfigurations = (
				C3EF438A2A45736400B5C927 /* Debug */,
				C3EF438B2A45736400B5C927 /* Release */,
			);
			defaultConfigurationIsVisible = 0;
			defaultConfigurationName = Debug;
		};
		C3EF438C2A45736400B5C927 /* Build configuration list for PBXNativeTarget "ImageCacheTester" */ = {
			isa = XCConfigurationList;
			buildConfigurations = (
				C3EF438D2A45736400B5C927 /* Debug */,
				C3EF438E2A45736400B5C927 /* Release */,
			);
			defaultConfigurationIsVisible = 0;
			defaultConfigurationName = Debug;
		};
/* End XCConfigurationList section */
	};
	rootObject = C3EF43702A45736300B5C927 /* Project object */;
}
